{
  "version": "1.0.0",
  "lockfileVersion": 2,
  "workspaces": {
    "": {
      "name": "stacks",
      "dependencies": {
        "pickier": "^0.1.65",
        "stacks": "^0.72.103"
      },
      "devDependencies": {
        "better-dx": "^0.2.24"
      },
      "system": {
        "bun.sh": "1.3.14",
        "git-scm.org": "^2.47.0",
        "sqlite.org": "^3.47.2"
      }
    },
    "storage/framework": {
      "name": "stacks-framework",
      "version": "0.72.103"
    }
  },
  "packages": {
    "better-dx@0.2.25": {
      "name": "better-dx",
      "version": "0.2.25",
      "source": "npm",
      "resolved": "https://registry.npmjs.org/better-dx/-/better-dx-0.2.25.tgz",
      "integrity": "sha512-7GQ3EDXDwdZbpzwqWrOC2kzKkfw2Ptd30Bl1VlLS1SV82MvU5VIYXtGsRcJ5+6M17n9hQwGuT2TGEZEaWgZQaw==",
      "dependencies": {
        "@stacksjs/bumpx": "^0.2.14",
        "@stacksjs/bunpress": "^0.2.8",
        "@stacksjs/clapp": "^0.2.12",
        "@stacksjs/clarity": "^0.3.31",
        "@stacksjs/gitlint": "^0.1.7",
        "@stacksjs/logsmith": "^0.2.6",
        "@types/bun": "^1.3.14",
        "buddy-bot": "^0.10.5",
        "bun-git-hooks": "^0.3.2",
        "bun-plugin-dtsx": "^0.11.1",
        "bunfig": "^0.15.15",
        "pickier": "^0.1.40",
        "ts-error-handling": "^0.1.3",
        "typescript": "^7.0.2"
      }
    },
    "bun.sh@1.3.14": {
      "name": "bun.sh",
      "version": "1.3.14",
      "source": "pantry",
      "resolved": "registry:bun.sh@1.3.14"
    },
    "curl.se/ca-certs@2026.3.19": {
      "name": "curl.se/ca-certs",
      "version": "2026.3.19",
      "source": "pantry",
      "resolved": "registry:curl.se/ca-certs@2026.3.19"
    },
    "curl.se@8.17.0": {
      "name": "curl.se",
      "version": "8.17.0",
      "source": "pantry",
      "resolved": "registry:curl.se@8.17.0"
    },
    "git-scm.org@2.53.0": {
      "name": "git-scm.org",
      "version": "2.53.0",
      "source": "pantry",
      "resolved": "registry:git-scm.org@2.53.0"
    },
    "gnu.org/readline@8.3.0": {
      "name": "gnu.org/readline",
      "version": "8.3.0",
      "source": "pantry",
      "resolved": "registry:gnu.org/readline@8.3.0"
    },
    "invisible-island.net/ncurses@6.6.0": {
      "name": "invisible-island.net/ncurses",
      "version": "6.6.0",
      "source": "pantry",
      "resolved": "registry:invisible-island.net/ncurses@6.6.0"
    },
    "libexpat.github.io@2.7.5": {
      "name": "libexpat.github.io",
      "version": "2.7.5",
      "source": "pantry",
      "resolved": "registry:libexpat.github.io@2.7.5"
    },
    "nghttp2.org@1.68.1": {
      "name": "nghttp2.org",
      "version": "1.68.1",
      "source": "pantry",
      "resolved": "registry:nghttp2.org@1.68.1"
    },
    "openssl.org@3.6.1": {
      "name": "openssl.org",
      "version": "3.6.1",
      "source": "pantry",
      "resolved": "registry:openssl.org@3.6.1"
    },
    "perl.org@5.42.1": {
      "name": "perl.org",
      "version": "5.42.1",
      "source": "pantry",
      "resolved": "registry:perl.org@5.42.1"
    },
    "pickier@0.1.65": {
      "name": "pickier",
      "version": "0.1.65",
      "source": "npm",
      "resolved": "https://registry.npmjs.org/pickier/-/pickier-0.1.65.tgz",
      "integrity": "sha512-hpGKvrWwzzHeV3hMErtnZoGRD/5Wmvy9sKxxHAWvMMdmdzr2DMtuk2T8Vkr8ZoUCNeTKRRPgHTMHg0oCNxDnDA==",
      "dependencies": {
        "@stacksjs/clapp": "^0.2.3",
        "@stacksjs/clarity": "^0.3.24"
      },
      "bin": {
        "pickier": "./dist/bin/cli.js"
      }
    },
    "sqlite.org@3.53.4": {
      "name": "sqlite.org",
      "version": "3.53.4",
      "source": "pantry",
      "resolved": "registry:sqlite.org@3.53.4"
    },
    "stacks@0.72.103": {
      "name": "stacks",
      "version": "0.72.103",
      "source": "npm",
      "resolved": "https://registry.npmjs.org/stacks/-/stacks-0.72.103.tgz",
      "integrity": "sha512-Xi7KJ0qBN4HtLpgiDJX3JN0j+M0Apm0q7hc11Z2M5jd2h3p9ZCEON25cHPGXFCIAb6SJfyAI8R3o9NEx5GDBcQ==",
      "dependencies": {
        "@stacksjs/actions": "^0.72.103",
        "@stacksjs/ai": "^0.72.103",
        "@stacksjs/alias": "^0.72.103",
        "@stacksjs/analytics": "^0.72.103",
        "@stacksjs/api": "^0.72.103",
        "@stacksjs/arrays": "^0.72.103",
        "@stacksjs/audio": "^0.72.103",
        "@stacksjs/auth": "^0.72.103",
        "@stacksjs/browser": "^0.72.103",
        "@stacksjs/browser-extension": "^0.72.103",
        "@stacksjs/buddy": "^0.72.103",
        "@stacksjs/build": "^0.72.103",
        "@stacksjs/cache": "^0.72.103",
        "@stacksjs/calendar-api": "^0.72.103",
        "@stacksjs/charts": "^0.72.103",
        "@stacksjs/chat": "^0.72.103",
        "@stacksjs/cli": "^0.72.103",
        "@stacksjs/cloud": "^0.72.103",
        "@stacksjs/cms": "^0.72.103",
        "@stacksjs/collections": "^0.72.103",
        "@stacksjs/commerce": "^0.72.103",
        "@stacksjs/composables": "^0.72.103",
        "@stacksjs/config": "^0.72.103",
        "@stacksjs/cron": "^0.72.103",
        "@stacksjs/database": "^0.72.103",
        "@stacksjs/datetime": "^0.72.103",
        "@stacksjs/defaults": "^0.72.103",
        "@stacksjs/desktop": "^0.2.197",
        "@stacksjs/dns": "^0.72.103",
        "@stacksjs/docs": "^0.72.103",
        "@stacksjs/email": "^0.72.103",
        "@stacksjs/enums": "^0.72.103",
        "@stacksjs/env": "^0.72.103",
        "@stacksjs/error-handling": "^0.72.103",
        "@stacksjs/events": "^0.72.103",
        "@stacksjs/faker": "^0.72.103",
        "@stacksjs/feature-flags": "^0.72.103",
        "@stacksjs/git": "^0.72.103",
        "@stacksjs/github": "^0.72.103",
        "@stacksjs/health": "^0.72.103",
        "@stacksjs/http": "^0.72.103",
        "@stacksjs/i18n": "^0.72.103",
        "@stacksjs/image": "^0.72.103",
        "@stacksjs/lint": "^0.72.103",
        "@stacksjs/logging": "^0.72.103",
        "@stacksjs/mobile": "^0.72.103",
        "@stacksjs/newsletter": "^0.72.103",
        "@stacksjs/notifications": "^0.72.103",
        "@stacksjs/objects": "^0.72.103",
        "@stacksjs/orm": "^0.72.103",
        "@stacksjs/path": "^0.72.103",
        "@stacksjs/payments": "^0.72.103",
        "@stacksjs/push": "^0.72.103",
        "@stacksjs/query-builder": "^0.72.103",
        "@stacksjs/queue": "^0.72.103",
        "@stacksjs/realtime": "^0.72.103",
        "@stacksjs/registry": "^0.72.103",
        "@stacksjs/repl": "^0.72.103",
        "@stacksjs/router": "^0.72.103",
        "@stacksjs/scheduler": "^0.72.103",
        "@stacksjs/search-engine": "^0.72.103",
        "@stacksjs/security": "^0.72.103",
        "@stacksjs/server": "^0.72.103",
        "@stacksjs/shell": "^0.72.103",
        "@stacksjs/skills": "^0.72.103",
        "@stacksjs/slug": "^0.72.103",
        "@stacksjs/sms": "^0.72.103",
        "@stacksjs/socials": "^0.72.103",
        "@stacksjs/storage": "^0.72.103",
        "@stacksjs/strings": "^0.72.103",
        "@stacksjs/testing": "^0.72.103",
        "@stacksjs/tinker": "^0.72.103",
        "@stacksjs/tlsx": "^0.13.0",
        "@stacksjs/ts-cloud": "^0.12.4",
        "@stacksjs/tunnel": "^0.72.103",
        "@stacksjs/types": "^0.72.103",
        "@stacksjs/ui": "^0.72.103",
        "@stacksjs/utils": "^0.72.103",
        "@stacksjs/validation": "^0.72.103",
        "@stacksjs/video": "^0.72.103",
        "@stacksjs/whois": "^0.72.103",
        "bun-query-builder": "^0.2.53"
      }
    },
    "zlib.net@1.3.2": {
      "name": "zlib.net",
      "version": "1.3.2",
      "source": "pantry",
      "resolved": "registry:zlib.net@1.3.2"
    }
  }
}
